
Microsoft Visual Studio Solution File, Format Version 11.00
# Visual Studio 2010
Project("{FAE04EC0-301F-11D3-BF4B-00C04F79EFBC}") = "Chat.Library", "Chat.Library\Chat.Library.csproj", "{FF9BEDF2-0BFF-4A76-801F-12BA956B147A}"
EndProject
Project("{FAE04EC0-301F-11D3-BF4B-00C04F79EFBC}") = "Chat.Client-Subscribe", "Chat.Client-Subscribe\Chat.Client-Subscribe.csproj", "{03478390-746C-4110-BFFC-9F733E0B5ACC}"
EndProject
Project("{FAE04EC0-301F-11D3-BF4B-00C04F79EFBC}") = "Chat.Client-Handler", "Chat.Client-Handler\Chat.Client-Handler.csproj", "{76E405D0-B97D-4047-8319-01110DCB6A67}"
EndProject
Project("{FAE04EC0-301F-11D3-BF4B-00C04F79EFBC}") = "Chat.Client-EventSubscription", "Chat.Client-EventSubscription\Chat.Client-EventSubscription.csproj", "{243D62A1-5E2C-4F34-998A-DB66BFDE7942}"
EndProject
Project("{FAE04EC0-301F-11D3-BF4B-00C04F79EFBC}") = "Chat.Moderator", "Chat.Moderator\Chat.Moderator.csproj", "{1F9B3A03-DEB7-4D44-A455-F8138CA4C411}"
EndProject
Project("{FAE04EC0-301F-11D3-BF4B-00C04F79EFBC}") = "Chat.Moderator.Tests", "Chat.Moderator.Tests\Chat.Moderator.Tests.csproj", "{AC835DE7-F219-49F8-A698-46A80408CA89}"
EndProject
Global
	GlobalSection(SolutionConfigurationPlatforms) = preSolution
		Debug v3.5|Any CPU = Debug v3.5|Any CPU
		Debug v3.5|Mixed Platforms = Debug v3.5|Mixed Platforms
		Debug v3.5|x86 = Debug v3.5|x86
		Debug v4.0|Any CPU = Debug v4.0|Any CPU
		Debug v4.0|Mixed Platforms = Debug v4.0|Mixed Platforms
		Debug v4.0|x86 = Debug v4.0|x86
		Debug|Any CPU = Debug|Any CPU
		Debug|Mixed Platforms = Debug|Mixed Platforms
		Debug|x86 = Debug|x86
		Release v3.5|Any CPU = Release v3.5|Any CPU
		Release v3.5|Mixed Platforms = Release v3.5|Mixed Platforms
		Release v3.5|x86 = Release v3.5|x86
		Release v4.0|Any CPU = Release v4.0|Any CPU
		Release v4.0|Mixed Platforms = Release v4.0|Mixed Platforms
		Release v4.0|x86 = Release v4.0|x86
		Release|Any CPU = Release|Any CPU
		Release|Mixed Platforms = Release|Mixed Platforms
		Release|x86 = Release|x86
	EndGlobalSection
	GlobalSection(ProjectConfigurationPlatforms) = postSolution
		{FF9BEDF2-0BFF-4A76-801F-12BA956B147A}.Debug v3.5|Any CPU.ActiveCfg = Debug|Any CPU
		{FF9BEDF2-0BFF-4A76-801F-12BA956B147A}.Debug v3.5|Any CPU.Build.0 = Debug|Any CPU
		{FF9BEDF2-0BFF-4A76-801F-12BA956B147A}.Debug v3.5|Mixed Platforms.ActiveCfg = Debug|Any CPU
		{FF9BEDF2-0BFF-4A76-801F-12BA956B147A}.Debug v3.5|Mixed Platforms.Build.0 = Debug|Any CPU
		{FF9BEDF2-0BFF-4A76-801F-12BA956B147A}.Debug v3.5|x86.ActiveCfg = Debug|Any CPU
		{FF9BEDF2-0BFF-4A76-801F-12BA956B147A}.Debug v4.0|Any CPU.ActiveCfg = Debug|Any CPU
		{FF9BEDF2-0BFF-4A76-801F-12BA956B147A}.Debug v4.0|Any CPU.Build.0 = Debug|Any CPU
		{FF9BEDF2-0BFF-4A76-801F-12BA956B147A}.Debug v4.0|Mixed Platforms.ActiveCfg = Debug|Any CPU
		{FF9BEDF2-0BFF-4A76-801F-12BA956B147A}.Debug v4.0|Mixed Platforms.Build.0 = Debug|Any CPU
		{FF9BEDF2-0BFF-4A76-801F-12BA956B147A}.Debug v4.0|x86.ActiveCfg = Debug|Any CPU
		{FF9BEDF2-0BFF-4A76-801F-12BA956B147A}.Debug|Any CPU.ActiveCfg = Debug|Any CPU
		{FF9BEDF2-0BFF-4A76-801F-12BA956B147A}.Debug|Any CPU.Build.0 = Debug|Any CPU
		{FF9BEDF2-0BFF-4A76-801F-12BA956B147A}.Debug|Mixed Platforms.ActiveCfg = Debug|Any CPU
		{FF9BEDF2-0BFF-4A76-801F-12BA956B147A}.Debug|Mixed Platforms.Build.0 = Debug|Any CPU
		{FF9BEDF2-0BFF-4A76-801F-12BA956B147A}.Debug|x86.ActiveCfg = Debug|Any CPU
		{FF9BEDF2-0BFF-4A76-801F-12BA956B147A}.Release v3.5|Any CPU.ActiveCfg = Release|Any CPU
		{FF9BEDF2-0BFF-4A76-801F-12BA956B147A}.Release v3.5|Any CPU.Build.0 = Release|Any CPU
		{FF9BEDF2-0BFF-4A76-801F-12BA956B147A}.Release v3.5|Mixed Platforms.ActiveCfg = Release|Any CPU
		{FF9BEDF2-0BFF-4A76-801F-12BA956B147A}.Release v3.5|Mixed Platforms.Build.0 = Release|Any CPU
		{FF9BEDF2-0BFF-4A76-801F-12BA956B147A}.Release v3.5|x86.ActiveCfg = Release|Any CPU
		{FF9BEDF2-0BFF-4A76-801F-12BA956B147A}.Release v4.0|Any CPU.ActiveCfg = Release|Any CPU
		{FF9BEDF2-0BFF-4A76-801F-12BA956B147A}.Release v4.0|Any CPU.Build.0 = Release|Any CPU
		{FF9BEDF2-0BFF-4A76-801F-12BA956B147A}.Release v4.0|Mixed Platforms.ActiveCfg = Release|Any CPU
		{FF9BEDF2-0BFF-4A76-801F-12BA956B147A}.Release v4.0|Mixed Platforms.Build.0 = Release|Any CPU
		{FF9BEDF2-0BFF-4A76-801F-12BA956B147A}.Release v4.0|x86.ActiveCfg = Release|Any CPU
		{FF9BEDF2-0BFF-4A76-801F-12BA956B147A}.Release|Any CPU.ActiveCfg = Release|Any CPU
		{FF9BEDF2-0BFF-4A76-801F-12BA956B147A}.Release|Any CPU.Build.0 = Release|Any CPU
		{FF9BEDF2-0BFF-4A76-801F-12BA956B147A}.Release|Mixed Platforms.ActiveCfg = Release|Any CPU
		{FF9BEDF2-0BFF-4A76-801F-12BA956B147A}.Release|Mixed Platforms.Build.0 = Release|Any CPU
		{FF9BEDF2-0BFF-4A76-801F-12BA956B147A}.Release|x86.ActiveCfg = Release|Any CPU
		{03478390-746C-4110-BFFC-9F733E0B5ACC}.Debug v3.5|Any CPU.ActiveCfg = Debug|x86
		{03478390-746C-4110-BFFC-9F733E0B5ACC}.Debug v3.5|Mixed Platforms.ActiveCfg = Debug|x86
		{03478390-746C-4110-BFFC-9F733E0B5ACC}.Debug v3.5|Mixed Platforms.Build.0 = Debug|x86
		{03478390-746C-4110-BFFC-9F733E0B5ACC}.Debug v3.5|x86.ActiveCfg = Debug|x86
		{03478390-746C-4110-BFFC-9F733E0B5ACC}.Debug v3.5|x86.Build.0 = Debug|x86
		{03478390-746C-4110-BFFC-9F733E0B5ACC}.Debug v4.0|Any CPU.ActiveCfg = Debug|x86
		{03478390-746C-4110-BFFC-9F733E0B5ACC}.Debug v4.0|Mixed Platforms.ActiveCfg = Debug|x86
		{03478390-746C-4110-BFFC-9F733E0B5ACC}.Debug v4.0|Mixed Platforms.Build.0 = Debug|x86
		{03478390-746C-4110-BFFC-9F733E0B5ACC}.Debug v4.0|x86.ActiveCfg = Debug|x86
		{03478390-746C-4110-BFFC-9F733E0B5ACC}.Debug v4.0|x86.Build.0 = Debug|x86
		{03478390-746C-4110-BFFC-9F733E0B5ACC}.Debug|Any CPU.ActiveCfg = Debug|x86
		{03478390-746C-4110-BFFC-9F733E0B5ACC}.Debug|Mixed Platforms.ActiveCfg = Debug|x86
		{03478390-746C-4110-BFFC-9F733E0B5ACC}.Debug|Mixed Platforms.Build.0 = Debug|x86
		{03478390-746C-4110-BFFC-9F733E0B5ACC}.Debug|x86.ActiveCfg = Debug|x86
		{03478390-746C-4110-BFFC-9F733E0B5ACC}.Debug|x86.Build.0 = Debug|x86
		{03478390-746C-4110-BFFC-9F733E0B5ACC}.Release v3.5|Any CPU.ActiveCfg = Release|x86
		{03478390-746C-4110-BFFC-9F733E0B5ACC}.Release v3.5|Mixed Platforms.ActiveCfg = Release|x86
		{03478390-746C-4110-BFFC-9F733E0B5ACC}.Release v3.5|Mixed Platforms.Build.0 = Release|x86
		{03478390-746C-4110-BFFC-9F733E0B5ACC}.Release v3.5|x86.ActiveCfg = Release|x86
		{03478390-746C-4110-BFFC-9F733E0B5ACC}.Release v3.5|x86.Build.0 = Release|x86
		{03478390-746C-4110-BFFC-9F733E0B5ACC}.Release v4.0|Any CPU.ActiveCfg = Release|x86
		{03478390-746C-4110-BFFC-9F733E0B5ACC}.Release v4.0|Mixed Platforms.ActiveCfg = Release|x86
		{03478390-746C-4110-BFFC-9F733E0B5ACC}.Release v4.0|Mixed Platforms.Build.0 = Release|x86
		{03478390-746C-4110-BFFC-9F733E0B5ACC}.Release v4.0|x86.ActiveCfg = Release|x86
		{03478390-746C-4110-BFFC-9F733E0B5ACC}.Release v4.0|x86.Build.0 = Release|x86
		{03478390-746C-4110-BFFC-9F733E0B5ACC}.Release|Any CPU.ActiveCfg = Release|x86
		{03478390-746C-4110-BFFC-9F733E0B5ACC}.Release|Mixed Platforms.ActiveCfg = Release|x86
		{03478390-746C-4110-BFFC-9F733E0B5ACC}.Release|Mixed Platforms.Build.0 = Release|x86
		{03478390-746C-4110-BFFC-9F733E0B5ACC}.Release|x86.ActiveCfg = Release|x86
		{03478390-746C-4110-BFFC-9F733E0B5ACC}.Release|x86.Build.0 = Release|x86
		{76E405D0-B97D-4047-8319-01110DCB6A67}.Debug v3.5|Any CPU.ActiveCfg = Debug|x86
		{76E405D0-B97D-4047-8319-01110DCB6A67}.Debug v3.5|Mixed Platforms.ActiveCfg = Debug|x86
		{76E405D0-B97D-4047-8319-01110DCB6A67}.Debug v3.5|Mixed Platforms.Build.0 = Debug|x86
		{76E405D0-B97D-4047-8319-01110DCB6A67}.Debug v3.5|x86.ActiveCfg = Debug|x86
		{76E405D0-B97D-4047-8319-01110DCB6A67}.Debug v3.5|x86.Build.0 = Debug|x86
		{76E405D0-B97D-4047-8319-01110DCB6A67}.Debug v4.0|Any CPU.ActiveCfg = Debug|x86
		{76E405D0-B97D-4047-8319-01110DCB6A67}.Debug v4.0|Mixed Platforms.ActiveCfg = Debug|x86
		{76E405D0-B97D-4047-8319-01110DCB6A67}.Debug v4.0|Mixed Platforms.Build.0 = Debug|x86
		{76E405D0-B97D-4047-8319-01110DCB6A67}.Debug v4.0|x86.ActiveCfg = Debug|x86
		{76E405D0-B97D-4047-8319-01110DCB6A67}.Debug v4.0|x86.Build.0 = Debug|x86
		{76E405D0-B97D-4047-8319-01110DCB6A67}.Debug|Any CPU.ActiveCfg = Debug|x86
		{76E405D0-B97D-4047-8319-01110DCB6A67}.Debug|Mixed Platforms.ActiveCfg = Debug|x86
		{76E405D0-B97D-4047-8319-01110DCB6A67}.Debug|Mixed Platforms.Build.0 = Debug|x86
		{76E405D0-B97D-4047-8319-01110DCB6A67}.Debug|x86.ActiveCfg = Debug|x86
		{76E405D0-B97D-4047-8319-01110DCB6A67}.Debug|x86.Build.0 = Debug|x86
		{76E405D0-B97D-4047-8319-01110DCB6A67}.Release v3.5|Any CPU.ActiveCfg = Release|x86
		{76E405D0-B97D-4047-8319-01110DCB6A67}.Release v3.5|Mixed Platforms.ActiveCfg = Release|x86
		{76E405D0-B97D-4047-8319-01110DCB6A67}.Release v3.5|Mixed Platforms.Build.0 = Release|x86
		{76E405D0-B97D-4047-8319-01110DCB6A67}.Release v3.5|x86.ActiveCfg = Release|x86
		{76E405D0-B97D-4047-8319-01110DCB6A67}.Release v3.5|x86.Build.0 = Release|x86
		{76E405D0-B97D-4047-8319-01110DCB6A67}.Release v4.0|Any CPU.ActiveCfg = Release|x86
		{76E405D0-B97D-4047-8319-01110DCB6A67}.Release v4.0|Mixed Platforms.ActiveCfg = Release|x86
		{76E405D0-B97D-4047-8319-01110DCB6A67}.Release v4.0|Mixed Platforms.Build.0 = Release|x86
		{76E405D0-B97D-4047-8319-01110DCB6A67}.Release v4.0|x86.ActiveCfg = Release|x86
		{76E405D0-B97D-4047-8319-01110DCB6A67}.Release v4.0|x86.Build.0 = Release|x86
		{76E405D0-B97D-4047-8319-01110DCB6A67}.Release|Any CPU.ActiveCfg = Release|x86
		{76E405D0-B97D-4047-8319-01110DCB6A67}.Release|Mixed Platforms.ActiveCfg = Release|x86
		{76E405D0-B97D-4047-8319-01110DCB6A67}.Release|Mixed Platforms.Build.0 = Release|x86
		{76E405D0-B97D-4047-8319-01110DCB6A67}.Release|x86.ActiveCfg = Release|x86
		{76E405D0-B97D-4047-8319-01110DCB6A67}.Release|x86.Build.0 = Release|x86
		{243D62A1-5E2C-4F34-998A-DB66BFDE7942}.Debug v3.5|Any CPU.ActiveCfg = Debug|x86
		{243D62A1-5E2C-4F34-998A-DB66BFDE7942}.Debug v3.5|Mixed Platforms.ActiveCfg = Debug|x86
		{243D62A1-5E2C-4F34-998A-DB66BFDE7942}.Debug v3.5|Mixed Platforms.Build.0 = Debug|x86
		{243D62A1-5E2C-4F34-998A-DB66BFDE7942}.Debug v3.5|x86.ActiveCfg = Debug|x86
		{243D62A1-5E2C-4F34-998A-DB66BFDE7942}.Debug v3.5|x86.Build.0 = Debug|x86
		{243D62A1-5E2C-4F34-998A-DB66BFDE7942}.Debug v4.0|Any CPU.ActiveCfg = Debug|x86
		{243D62A1-5E2C-4F34-998A-DB66BFDE7942}.Debug v4.0|Mixed Platforms.ActiveCfg = Debug|x86
		{243D62A1-5E2C-4F34-998A-DB66BFDE7942}.Debug v4.0|Mixed Platforms.Build.0 = Debug|x86
		{243D62A1-5E2C-4F34-998A-DB66BFDE7942}.Debug v4.0|x86.ActiveCfg = Debug|x86
		{243D62A1-5E2C-4F34-998A-DB66BFDE7942}.Debug v4.0|x86.Build.0 = Debug|x86
		{243D62A1-5E2C-4F34-998A-DB66BFDE7942}.Debug|Any CPU.ActiveCfg = Debug|x86
		{243D62A1-5E2C-4F34-998A-DB66BFDE7942}.Debug|Mixed Platforms.ActiveCfg = Debug|x86
		{243D62A1-5E2C-4F34-998A-DB66BFDE7942}.Debug|Mixed Platforms.Build.0 = Debug|x86
		{243D62A1-5E2C-4F34-998A-DB66BFDE7942}.Debug|x86.ActiveCfg = Debug|x86
		{243D62A1-5E2C-4F34-998A-DB66BFDE7942}.Debug|x86.Build.0 = Debug|x86
		{243D62A1-5E2C-4F34-998A-DB66BFDE7942}.Release v3.5|Any CPU.ActiveCfg = Release|x86
		{243D62A1-5E2C-4F34-998A-DB66BFDE7942}.Release v3.5|Mixed Platforms.ActiveCfg = Release|x86
		{243D62A1-5E2C-4F34-998A-DB66BFDE7942}.Release v3.5|Mixed Platforms.Build.0 = Release|x86
		{243D62A1-5E2C-4F34-998A-DB66BFDE7942}.Release v3.5|x86.ActiveCfg = Release|x86
		{243D62A1-5E2C-4F34-998A-DB66BFDE7942}.Release v3.5|x86.Build.0 = Release|x86
		{243D62A1-5E2C-4F34-998A-DB66BFDE7942}.Release v4.0|Any CPU.ActiveCfg = Release|x86
		{243D62A1-5E2C-4F34-998A-DB66BFDE7942}.Release v4.0|Mixed Platforms.ActiveCfg = Release|x86
		{243D62A1-5E2C-4F34-998A-DB66BFDE7942}.Release v4.0|Mixed Platforms.Build.0 = Release|x86
		{243D62A1-5E2C-4F34-998A-DB66BFDE7942}.Release v4.0|x86.ActiveCfg = Release|x86
		{243D62A1-5E2C-4F34-998A-DB66BFDE7942}.Release v4.0|x86.Build.0 = Release|x86
		{243D62A1-5E2C-4F34-998A-DB66BFDE7942}.Release|Any CPU.ActiveCfg = Release|x86
		{243D62A1-5E2C-4F34-998A-DB66BFDE7942}.Release|Mixed Platforms.ActiveCfg = Release|x86
		{243D62A1-5E2C-4F34-998A-DB66BFDE7942}.Release|Mixed Platforms.Build.0 = Release|x86
		{243D62A1-5E2C-4F34-998A-DB66BFDE7942}.Release|x86.ActiveCfg = Release|x86
		{243D62A1-5E2C-4F34-998A-DB66BFDE7942}.Release|x86.Build.0 = Release|x86
		{1F9B3A03-DEB7-4D44-A455-F8138CA4C411}.Debug v3.5|Any CPU.ActiveCfg = Debug|x86
		{1F9B3A03-DEB7-4D44-A455-F8138CA4C411}.Debug v3.5|Mixed Platforms.ActiveCfg = Debug|x86
		{1F9B3A03-DEB7-4D44-A455-F8138CA4C411}.Debug v3.5|Mixed Platforms.Build.0 = Debug|x86
		{1F9B3A03-DEB7-4D44-A455-F8138CA4C411}.Debug v3.5|x86.ActiveCfg = Debug|x86
		{1F9B3A03-DEB7-4D44-A455-F8138CA4C411}.Debug v3.5|x86.Build.0 = Debug|x86
		{1F9B3A03-DEB7-4D44-A455-F8138CA4C411}.Debug v4.0|Any CPU.ActiveCfg = Debug|x86
		{1F9B3A03-DEB7-4D44-A455-F8138CA4C411}.Debug v4.0|Mixed Platforms.ActiveCfg = Debug|x86
		{1F9B3A03-DEB7-4D44-A455-F8138CA4C411}.Debug v4.0|Mixed Platforms.Build.0 = Debug|x86
		{1F9B3A03-DEB7-4D44-A455-F8138CA4C411}.Debug v4.0|x86.ActiveCfg = Debug|x86
		{1F9B3A03-DEB7-4D44-A455-F8138CA4C411}.Debug v4.0|x86.Build.0 = Debug|x86
		{1F9B3A03-DEB7-4D44-A455-F8138CA4C411}.Debug|Any CPU.ActiveCfg = Debug|x86
		{1F9B3A03-DEB7-4D44-A455-F8138CA4C411}.Debug|Mixed Platforms.ActiveCfg = Debug|x86
		{1F9B3A03-DEB7-4D44-A455-F8138CA4C411}.Debug|Mixed Platforms.Build.0 = Debug|x86
		{1F9B3A03-DEB7-4D44-A455-F8138CA4C411}.Debug|x86.ActiveCfg = Debug|x86
		{1F9B3A03-DEB7-4D44-A455-F8138CA4C411}.Debug|x86.Build.0 = Debug|x86
		{1F9B3A03-DEB7-4D44-A455-F8138CA4C411}.Release v3.5|Any CPU.ActiveCfg = Release|x86
		{1F9B3A03-DEB7-4D44-A455-F8138CA4C411}.Release v3.5|Mixed Platforms.ActiveCfg = Release|x86
		{1F9B3A03-DEB7-4D44-A455-F8138CA4C411}.Release v3.5|Mixed Platforms.Build.0 = Release|x86
		{1F9B3A03-DEB7-4D44-A455-F8138CA4C411}.Release v3.5|x86.ActiveCfg = Release|x86
		{1F9B3A03-DEB7-4D44-A455-F8138CA4C411}.Release v3.5|x86.Build.0 = Release|x86
		{1F9B3A03-DEB7-4D44-A455-F8138CA4C411}.Release v4.0|Any CPU.ActiveCfg = Release|x86
		{1F9B3A03-DEB7-4D44-A455-F8138CA4C411}.Release v4.0|Mixed Platforms.ActiveCfg = Release|x86
		{1F9B3A03-DEB7-4D44-A455-F8138CA4C411}.Release v4.0|Mixed Platforms.Build.0 = Release|x86
		{1F9B3A03-DEB7-4D44-A455-F8138CA4C411}.Release v4.0|x86.ActiveCfg = Release|x86
		{1F9B3A03-DEB7-4D44-A455-F8138CA4C411}.Release v4.0|x86.Build.0 = Release|x86
		{1F9B3A03-DEB7-4D44-A455-F8138CA4C411}.Release|Any CPU.ActiveCfg = Release|x86
		{1F9B3A03-DEB7-4D44-A455-F8138CA4C411}.Release|Mixed Platforms.ActiveCfg = Release|x86
		{1F9B3A03-DEB7-4D44-A455-F8138CA4C411}.Release|Mixed Platforms.Build.0 = Release|x86
		{1F9B3A03-DEB7-4D44-A455-F8138CA4C411}.Release|x86.ActiveCfg = Release|x86
		{1F9B3A03-DEB7-4D44-A455-F8138CA4C411}.Release|x86.Build.0 = Release|x86
		{AC835DE7-F219-49F8-A698-46A80408CA89}.Debug v3.5|Any CPU.ActiveCfg = Debug|Any CPU
		{AC835DE7-F219-49F8-A698-46A80408CA89}.Debug v3.5|Any CPU.Build.0 = Debug|Any CPU
		{AC835DE7-F219-49F8-A698-46A80408CA89}.Debug v3.5|Mixed Platforms.ActiveCfg = Debug|Any CPU
		{AC835DE7-F219-49F8-A698-46A80408CA89}.Debug v3.5|Mixed Platforms.Build.0 = Debug|Any CPU
		{AC835DE7-F219-49F8-A698-46A80408CA89}.Debug v3.5|x86.ActiveCfg = Debug|Any CPU
		{AC835DE7-F219-49F8-A698-46A80408CA89}.Debug v4.0|Any CPU.ActiveCfg = Debug|Any CPU
		{AC835DE7-F219-49F8-A698-46A80408CA89}.Debug v4.0|Any CPU.Build.0 = Debug|Any CPU
		{AC835DE7-F219-49F8-A698-46A80408CA89}.Debug v4.0|Mixed Platforms.ActiveCfg = Debug|Any CPU
		{AC835DE7-F219-49F8-A698-46A80408CA89}.Debug v4.0|Mixed Platforms.Build.0 = Debug|Any CPU
		{AC835DE7-F219-49F8-A698-46A80408CA89}.Debug v4.0|x86.ActiveCfg = Debug|Any CPU
		{AC835DE7-F219-49F8-A698-46A80408CA89}.Debug|Any CPU.ActiveCfg = Debug|Any CPU
		{AC835DE7-F219-49F8-A698-46A80408CA89}.Debug|Any CPU.Build.0 = Debug|Any CPU
		{AC835DE7-F219-49F8-A698-46A80408CA89}.Debug|Mixed Platforms.ActiveCfg = Debug|Any CPU
		{AC835DE7-F219-49F8-A698-46A80408CA89}.Debug|Mixed Platforms.Build.0 = Debug|Any CPU
		{AC835DE7-F219-49F8-A698-46A80408CA89}.Debug|x86.ActiveCfg = Debug|Any CPU
		{AC835DE7-F219-49F8-A698-46A80408CA89}.Release v3.5|Any CPU.ActiveCfg = Release|Any CPU
		{AC835DE7-F219-49F8-A698-46A80408CA89}.Release v3.5|Any CPU.Build.0 = Release|Any CPU
		{AC835DE7-F219-49F8-A698-46A80408CA89}.Release v3.5|Mixed Platforms.ActiveCfg = Release|Any CPU
		{AC835DE7-F219-49F8-A698-46A80408CA89}.Release v3.5|Mixed Platforms.Build.0 = Release|Any CPU
		{AC835DE7-F219-49F8-A698-46A80408CA89}.Release v3.5|x86.ActiveCfg = Release|Any CPU
		{AC835DE7-F219-49F8-A698-46A80408CA89}.Release v4.0|Any CPU.ActiveCfg = Release|Any CPU
		{AC835DE7-F219-49F8-A698-46A80408CA89}.Release v4.0|Any CPU.Build.0 = Release|Any CPU
		{AC835DE7-F219-49F8-A698-46A80408CA89}.Release v4.0|Mixed Platforms.ActiveCfg = Release|Any CPU
		{AC835DE7-F219-49F8-A698-46A80408CA89}.Release v4.0|Mixed Platforms.Build.0 = Release|Any CPU
		{AC835DE7-F219-49F8-A698-46A80408CA89}.Release v4.0|x86.ActiveCfg = Release|Any CPU
		{AC835DE7-F219-49F8-A698-46A80408CA89}.Release|Any CPU.ActiveCfg = Release|Any CPU
		{AC835DE7-F219-49F8-A698-46A80408CA89}.Release|Any CPU.Build.0 = Release|Any CPU
		{AC835DE7-F219-49F8-A698-46A80408CA89}.Release|Mixed Platforms.ActiveCfg = Release|Any CPU
		{AC835DE7-F219-49F8-A698-46A80408CA89}.Release|Mixed Platforms.Build.0 = Release|Any CPU
		{AC835DE7-F219-49F8-A698-46A80408CA89}.Release|x86.ActiveCfg = Release|Any CPU
	EndGlobalSection
	GlobalSection(SolutionProperties) = preSolution
		HideSolutionNode = FALSE
	EndGlobalSection
EndGlobal
