
Microsoft Visual Studio Solution File, Format Version 11.00
# Visual Studio 2010
Project("{FAE04EC0-301F-11D3-BF4B-00C04F79EFBC}") = "Nvents", "Nvents\Nvents.csproj", "{96AC5822-D22D-4102-B2EE-0C8063832B6D}"
EndProject
Project("{FAE04EC0-301F-11D3-BF4B-00C04F79EFBC}") = "Nvents.Tests", "Nvents.Tests\Nvents.Tests.csproj", "{16DF9155-B1FE-40C3-A2E8-67E22F722727}"
EndProject
Project("{2150E333-8FDC-42A3-9474-1A3956D46DE8}") = "Solution Items", "Solution Items", "{5EB270C9-A49A-43ED-B8C8-B848FB423892}"
	ProjectSection(SolutionItems) = preProject
		License.txt = License.txt
	EndProjectSection
EndProject
Global
	GlobalSection(SolutionConfigurationPlatforms) = preSolution
		Debug|Any CPU = Debug|Any CPU
		Release|Any CPU = Release|Any CPU
	EndGlobalSection
	GlobalSection(ProjectConfigurationPlatforms) = postSolution
		{96AC5822-D22D-4102-B2EE-0C8063832B6D}.Debug|Any CPU.ActiveCfg = Debug|Any CPU
		{96AC5822-D22D-4102-B2EE-0C8063832B6D}.Debug|Any CPU.Build.0 = Debug|Any CPU
		{96AC5822-D22D-4102-B2EE-0C8063832B6D}.Release|Any CPU.ActiveCfg = Release|Any CPU
		{96AC5822-D22D-4102-B2EE-0C8063832B6D}.Release|Any CPU.Build.0 = Release|Any CPU
		{16DF9155-B1FE-40C3-A2E8-67E22F722727}.Debug|Any CPU.ActiveCfg = Debug|Any CPU
		{16DF9155-B1FE-40C3-A2E8-67E22F722727}.Debug|Any CPU.Build.0 = Debug|Any CPU
		{16DF9155-B1FE-40C3-A2E8-67E22F722727}.Release|Any CPU.ActiveCfg = Release|Any CPU
		{16DF9155-B1FE-40C3-A2E8-67E22F722727}.Release|Any CPU.Build.0 = Release|Any CPU
	EndGlobalSection
	GlobalSection(SolutionProperties) = preSolution
		HideSolutionNode = FALSE
	EndGlobalSection
EndGlobal
